// !$*UTF8*$!
{
	archiveVersion = 1;
	classes = {
	};
	objectVersion = 77;
	objects = {

/* Begin PBXContainerItemProxy section */
		84113C6F2E41EFDE00344A17 /* PBXContainerItemProxy */ = {
			isa = PBXContainerItemProxy;
			containerPortal = 84113C502E41EFDD00344A17 /* Project object */;
			proxyType = 1;
			remoteGlobalIDString = 84113C572E41EFDD00344A17;
			remoteInfo = AlmatarShopping;
		};
		84113C792E41EFDE00344A17 /* PBXContainerItemProxy */ = {
			isa = PBXContainerItemProxy;
			containerPortal = 84113C502E41EFDD00344A17 /* Project object */;
			proxyType = 1;
			remoteGlobalIDString = 84113C572E41EFDD00344A17;
			remoteInfo = AlmatarShopping;
		};
/* End PBXContainerItemProxy section */

/* Begin PBXFileReference section */
		84113C582E41EFDD00344A17 /* AlmatarShopping.app */ = {isa = PBXFileReference; explicitFileType = wrapper.application; includeInIndex = 0; path = AlmatarShopping.app; sourceTree = BUILT_PRODUCTS_DIR; };
		84113C6E2E41EFDE00344A17 /* AlmatarShoppingTests.xctest */ = {isa = PBXFileReference; explicitFileType = wrapper.cfbundle; includeInIndex = 0; path = AlmatarShoppingTests.xctest; sourceTree = BUILT_PRODUCTS_DIR; };
		84113C782E41EFDE00344A17 /* AlmatarShoppingUITests.xctest */ = {isa = PBXFileReference; explicitFileType = wrapper.cfbundle; includeInIndex = 0; path = AlmatarShoppingUITests.xctest; sourceTree = BUILT_PRODUCTS_DIR; };
/* End PBXFileReference section */

/* Begin PBXFileSystemSynchronizedBuildFileExceptionSet section */
		84113C802E41EFDE00344A17 /* Exceptions for "AlmatarShopping" folder in "AlmatarShopping" target */ = {
			isa = PBXFileSystemSynchronizedBuildFileExceptionSet;
			membershipExceptions = (
				Info.plist,
			);
			target = 84113C572E41EFDD00344A17 /* AlmatarShopping */;
		};
/* End PBXFileSystemSynchronizedBuildFileExceptionSet section */

/* Begin PBXFileSystemSynchronizedRootGroup section */
		84113C5A2E41EFDD00344A17 /* AlmatarShopping */ = {
			isa = PBXFileSystemSynchronizedRootGroup;
			exceptions = (
				84113C802E41EFDE00344A17 /* Exceptions for "AlmatarShopping" folder in "AlmatarShopping" target */,
			);
			path = AlmatarShopping;
			sourceTree = "<group>";
		};
		84113C712E41EFDE00344A17 /* AlmatarShoppingTests */ = {
			isa = PBXFileSystemSynchronizedRootGroup;
			path = AlmatarShoppingTests;
			sourceTree = "<group>";
		};
		84113C7B2E41EFDE00344A17 /* AlmatarShoppingUITests */ = {
			isa = PBXFileSystemSynchronizedRootGroup;
			path = AlmatarShoppingUITests;
			sourceTree = "<group>";
		};
/* End PBXFileSystemSynchronizedRootGroup section */

/* Begin PBXFrameworksBuildPhase section */
		84113C552E41EFDD00344A17 /* Frameworks */ = {
			isa = PBXFrameworksBuildPhase;
			buildActionMask = 2147483647;
			files = (
			);
			runOnlyForDeploymentPostprocessing = 0;
		};
		84113C6B2E41EFDE00344A17 /* Frameworks */ = {
			isa = PBXFrameworksBuildPhase;
			buildActionMask = 2147483647;
			files = (
			);
			runOnlyForDeploymentPostprocessing = 0;
		};
		84113C752E41EFDE00344A17 /* Frameworks */ = {
			isa = PBXFrameworksBuildPhase;
			buildActionMask = 2147483647;
			files = (
			);
			runOnlyForDeploymentPostprocessing = 0;
		};
/* End PBXFrameworksBuildPhase section */

/* Begin PBXGroup section */
		84113C4F2E41EFDD00344A17 = {
			isa = PBXGroup;
			children = (
				84113C5A2E41EFDD00344A17 /* AlmatarShopping */,
				84113C712E41EFDE00344A17 /* AlmatarShoppingTests */,
				84113C7B2E41EFDE00344A17 /* AlmatarShoppingUITests */,
				84113C592E41EFDD00344A17 /* Products */,
			);
			sourceTree = "<group>";
		};
		84113C592E41EFDD00344A17 /* Products */ = {
			isa = PBXGroup;
			children = (
				84113C582E41EFDD00344A17 /* AlmatarShopping.app */,
				84113C6E2E41EFDE00344A17 /* AlmatarShoppingTests.xctest */,
				84113C782E41EFDE00344A17 /* AlmatarShoppingUITests.xctest */,
			);
			name = Products;
			sourceTree = "<group>";
		};
/* End PBXGroup section */

/* Begin PBXNativeTarget section */
		84113C572E41EFDD00344A17 /* AlmatarShopping */ = {
			isa = PBXNativeTarget;
			buildConfigurationList = 84113C812E41EFDE00344A17 /* Build configuration list for PBXNativeTarget "AlmatarShopping" */;
			buildPhases = (
				84113C542E41EFDD00344A17 /* Sources */,
				84113C552E41EFDD00344A17 /* Frameworks */,
				84113C562E41EFDD00344A17 /* Resources */,
			);
			buildRules = (
			);
			dependencies = (
			);
			fileSystemSynchronizedGroups = (
				84113C5A2E41EFDD00344A17 /* AlmatarShopping */,
			);
			name = AlmatarShopping;
			packageProductDependencies = (
			);
			productName = AlmatarShopping;
			productReference = 84113C582E41EFDD00344A17 /* AlmatarShopping.app */;
			productType = "com.apple.product-type.application";
		};
		84113C6D2E41EFDE00344A17 /* AlmatarShoppingTests */ = {
			isa = PBXNativeTarget;
			buildConfigurationList = 84113C862E41EFDE00344A17 /* Build configuration list for PBXNativeTarget "AlmatarShoppingTests" */;
			buildPhases = (
				84113C6A2E41EFDE00344A17 /* Sources */,
				84113C6B2E41EFDE00344A17 /* Frameworks */,
				84113C6C2E41EFDE00344A17 /* Resources */,
			);
			buildRules = (
			);
			dependencies = (
				84113C702E41EFDE00344A17 /* PBXTargetDependency */,
			);
			fileSystemSynchronizedGroups = (
				84113C712E41EFDE00344A17 /* AlmatarShoppingTests */,
			);
			name = AlmatarShoppingTests;
			packageProductDependencies = (
			);
			productName = AlmatarShoppingTests;
			productReference = 84113C6E2E41EFDE00344A17 /* AlmatarShoppingTests.xctest */;
			productType = "com.apple.product-type.bundle.unit-test";
		};
		84113C772E41EFDE00344A17 /* AlmatarShoppingUITests */ = {
			isa = PBXNativeTarget;
			buildConfigurationList = 84113C892E41EFDE00344A17 /* Build configuration list for PBXNativeTarget "AlmatarShoppingUITests" */;
			buildPhases = (
				84113C742E41EFDE00344A17 /* Sources */,
				84113C752E41EFDE00344A17 /* Frameworks */,
				84113C762E41EFDE00344A17 /* Resources */,
			);
			buildRules = (
			);
			dependencies = (
				84113C7A2E41EFDE00344A17 /* PBXTargetDependency */,
			);
			fileSystemSynchronizedGroups = (
				84113C7B2E41EFDE00344A17 /* AlmatarShoppingUITests */,
			);
			name = AlmatarShoppingUITests;
			packageProductDependencies = (
			);
			productName = AlmatarShoppingUITests;
			productReference = 84113C782E41EFDE00344A17 /* AlmatarShoppingUITests.xctest */;
			productType = "com.apple.product-type.bundle.ui-testing";
		};
/* End PBXNativeTarget section */

/* Begin PBXProject section */
		84113C502E41EFDD00344A17 /* Project object */ = {
			isa = PBXProject;
			attributes = {
				BuildIndependentTargetsInParallel = 1;
				LastSwiftUpdateCheck = 1640;
				LastUpgradeCheck = 1640;
				TargetAttributes = {
					84113C572E41EFDD00344A17 = {
						CreatedOnToolsVersion = 16.4;
					};
					84113C6D2E41EFDE00344A17 = {
						CreatedOnToolsVersion = 16.4;
						TestTargetID = 84113C572E41EFDD00344A17;
					};
					84113C772E41EFDE00344A17 = {
						CreatedOnToolsVersion = 16.4;
						TestTargetID = 84113C572E41EFDD00344A17;
					};
				};
			};
			buildConfigurationList = 84113C532E41EFDD00344A17 /* Build configuration list for PBXProject "AlmatarShopping" */;
			developmentRegion = en;
			hasScannedForEncodings = 0;
			knownRegions = (
				en,
				Base,
			);
			mainGroup = 84113C4F2E41EFDD00344A17;
			minimizedProjectReferenceProxies = 1;
			preferredProjectObjectVersion = 77;
			productRefGroup = 84113C592E41EFDD00344A17 /* Products */;
			projectDirPath = "";
			projectRoot = "";
			targets = (
				84113C572E41EFDD00344A17 /* AlmatarShopping */,
				84113C6D2E41EFDE00344A17 /* AlmatarShoppingTests */,
				84113C772E41EFDE00344A17 /* AlmatarShoppingUITests */,
			);
		};
/* End PBXProject section */

/* Begin PBXResourcesBuildPhase section */
		84113C562E41EFDD00344A17 /* Resources */ = {
			isa = PBXResourcesBuildPhase;
			buildActionMask = 2147483647;
			files = (
			);
			runOnlyForDeploymentPostprocessing = 0;
		};
		84113C6C2E41EFDE00344A17 /* Resources */ = {
			isa = PBXResourcesBuildPhase;
			buildActionMask = 2147483647;
			files = (
			);
			runOnlyForDeploymentPostprocessing = 0;
		};
		84113C762E41EFDE00344A17 /* Resources */ = {
			isa = PBXResourcesBuildPhase;
			buildActionMask = 2147483647;
			files = (
			);
			runOnlyForDeploymentPostprocessing = 0;
		};
/* End PBXResourcesBuildPhase section */

/* Begin PBXSourcesBuildPhase section */
		84113C542E41EFDD00344A17 /* Sources */ = {
			isa = PBXSourcesBuildPhase;
			buildActionMask = 2147483647;
			files = (
			);
			runOnlyForDeploymentPostprocessing = 0;
		};
		84113C6A2E41EFDE00344A17 /* Sources */ = {
			isa = PBXSourcesBuildPhase;
			buildActionMask = 2147483647;
			files = (
			);
			runOnlyForDeploymentPostprocessing = 0;
		};
		84113C742E41EFDE00344A17 /* Sources */ = {
			isa = PBXSourcesBuildPhase;
			buildActionMask = 2147483647;
			files = (
			);
			runOnlyForDeploymentPostprocessing = 0;
		};
/* End PBXSourcesBuildPhase section */

/* Begin PBXTargetDependency section */
		84113C702E41EFDE00344A17 /* PBXTargetDependency */ = {
			isa = PBXTargetDependency;
			target = 84113C572E41EFDD00344A17 /* AlmatarShopping */;
			targetProxy = 84113C6F2E41EFDE00344A17 /* PBXContainerItemProxy */;
		};
		84113C7A2E41EFDE00344A17 /* PBXTargetDependency */ = {
			isa = PBXTargetDependency;
			target = 84113C572E41EFDD00344A17 /* AlmatarShopping */;
			targetProxy = 84113C792E41EFDE00344A17 /* PBXContainerItemProxy */;
		};
/* End PBXTargetDependency section */

/* Begin XCBuildConfiguration section */
		84113C822E41EFDE00344A17 /* Debug */ = {
			isa = XCBuildConfiguration;
			buildSettings = {
				ASSETCATALOG_COMPILER_APPICON_NAME = AppIcon;
				ASSETCATALOG_COMPILER_GLOBAL_ACCENT_COLOR_NAME = AccentColor;
				CODE_SIGN_STYLE = Automatic;
				CURRENT_PROJECT_VERSION = 1;
				DEVELOPMENT_TEAM = 3KW57Z9BV5;
				GENERATE_INFOPLIST_FILE = YES;
				INFOPLIST_FILE = AlmatarShopping/Info.plist;
				INFOPLIST_KEY_UIApplicationSupportsIndirectInputEvents = YES;
				INFOPLIST_KEY_UILaunchStoryboardName = LaunchScreen;
				INFOPLIST_KEY_UIMainStoryboardFile = Main;
				INFOPLIST_KEY_UISupportedInterfaceOrientations_iPad = "UIInterfaceOrientationPortrait UIInterfaceOrientationPortraitUpsideDown UIInterfaceOrientationLandscapeLeft UIInterfaceOrientationLandscapeRight";
				INFOPLIST_KEY_UISupportedInterfaceOrientations_iPhone = "UIInterfaceOrientationPortrait UIInterfaceOrientationLandscapeLeft UIInterfaceOrientationLandscapeRight";
				LD_RUNPATH_SEARCH_PATHS = (
					"$(inherited)",
					"@executable_path/Frameworks",
				);
				MARKETING_VERSION = 1.0;
				PRODUCT_BUNDLE_IDENTIFIER = com.AlmatarShopping.com.AlmatarShopping;
				PRODUCT_NAME = "$(TARGET_NAME)";
				SWIFT_EMIT_LOC_STRINGS = YES;
				SWIFT_VERSION = 5.0;
				TARGETED_DEVICE_FAMILY = "1,2";
			};
			name = Debug;
		};
		84113C832E41EFDE00344A17 /* Release */ = {
			isa = XCBuildConfiguration;
			buildSettings = {
				ASSETCATALOG_COMPILER_APPICON_NAME = AppIcon;
				ASSETCATALOG_COMPILER_GLOBAL_ACCENT_COLOR_NAME = AccentColor;
				CODE_SIGN_STYLE = Automatic;
				CURRENT_PROJECT_VERSION = 1;
				DEVELOPMENT_TEAM = 3KW57Z9BV5;
				GENERATE_INFOPLIST_FILE = YES;
				INFOPLIST_FILE = AlmatarShopping/Info.plist;
				INFOPLIST_KEY_UIApplicationSupportsIndirectInputEvents = YES;
				INFOPLIST_KEY_UILaunchStoryboardName = LaunchScreen;
				INFOPLIST_KEY_UIMainStoryboardFile = Main;
				INFOPLIST_KEY_UISupportedInterfaceOrientations_iPad = "UIInterfaceOrientationPortrait UIInterfaceOrientationPortraitUpsideDown UIInterfaceOrientationLandscapeLeft UIInterfaceOrientationLandscapeRight";
				INFOPLIST_KEY_UISupportedInterfaceOrientations_iPhone = "UIInterfaceOrientationPortrait UIInterfaceOrientationLandscapeLeft UIInterfaceOrientationLandscapeRight";
				LD_RUNPATH_SEARCH_PATHS = (
					"$(inherited)",
					"@executable_path/Frameworks",
				);
				MARKETING_VERSION = 1.0;
				PRODUCT_BUNDLE_IDENTIFIER = com.AlmatarShopping.com.AlmatarShopping;
				PRODUCT_NAME = "$(TARGET_NAME)";
				SWIFT_EMIT_LOC_STRINGS = YES;
				SWIFT_VERSION = 5.0;
				TARGETED_DEVICE_FAMILY = "1,2";
			};
			name = Release;
		};
		84113C842E41EFDE00344A17 /* Debug */ = {
			isa = XCBuildConfiguration;
			buildSettings = {
				ALWAYS_SEARCH_USER_PATHS = NO;
				ASSETCATALOG_COMPILER_GENERATE_SWIFT_ASSET_SYMBOL_EXTENSIONS = YES;
				CLANG_ANALYZER_NONNULL = YES;
				CLANG_ANALYZER_NUMBER_OBJECT_CONVERSION = YES_AGGRESSIVE;
				CLANG_CXX_LANGUAGE_STANDARD = "gnu++20";
				CLANG_ENABLE_MODULES = YES;
				CLANG_ENABLE_OBJC_ARC = YES;
				CLANG_ENABLE_OBJC_WEAK = YES;
				CLANG_WARN_BLOCK_CAPTURE_AUTORELEASING = YES;
				CLANG_WARN_BOOL_CONVERSION = YES;
				CLANG_WARN_COMMA = YES;
				CLANG_WARN_CONSTANT_CONVERSION = YES;
				CLANG_WARN_DEPRECATED_OBJC_IMPLEMENTATIONS = YES;
				CLANG_WARN_DIRECT_OBJC_ISA_USAGE = YES_ERROR;
				CLANG_WARN_DOCUMENTATION_COMMENTS = YES;
				CLANG_WARN_EMPTY_BODY = YES;
				CLANG_WARN_ENUM_CONVERSION = YES;
				CLANG_WARN_INFINITE_RECURSION = YES;
				CLANG_WARN_INT_CONVERSION = YES;
				CLANG_WARN_NON_LITERAL_NULL_CONVERSION = YES;
				CLANG_WARN_OBJC_IMPLICIT_RETAIN_SELF = YES;
				CLANG_WARN_OBJC_LITERAL_CONVERSION = YES;
				CLANG_WARN_OBJC_ROOT_CLASS = YES_ERROR;
				CLANG_WARN_QUOTED_INCLUDE_IN_FRAMEWORK_HEADER = YES;
				CLANG_WARN_RANGE_LOOP_ANALYSIS = YES;
				CLANG_WARN_STRICT_PROTOTYPES = YES;
				CLANG_WARN_SUSPICIOUS_MOVE = YES;
				CLANG_WARN_UNGUARDED_AVAILABILITY = YES_AGGRESSIVE;
				CLANG_WARN_UNREACHABLE_CODE = YES;
				CLANG_WARN__DUPLICATE_METHOD_MATCH = YES;
				COPY_PHASE_STRIP = NO;
				DEBUG_INFORMATION_FORMAT = dwarf;
				DEVELOPMENT_TEAM = 3KW57Z9BV5;
				ENABLE_STRICT_OBJC_MSGSEND = YES;
				ENABLE_TESTABILITY = YES;
				ENABLE_USER_SCRIPT_SANDBOXING = YES;
				GCC_C_LANGUAGE_STANDARD = gnu17;
				GCC_DYNAMIC_NO_PIC = NO;
				GCC_NO_COMMON_BLOCKS = YES;
				GCC_OPTIMIZATION_LEVEL = 0;
				GCC_PREPROCESSOR_DEFINITIONS = (
					"DEBUG=1",
					"$(inherited)",
				);
				GCC_WARN_64_TO_32_BIT_CONVERSION = YES;
				GCC_WARN_ABOUT_RETURN_TYPE = YES_ERROR;
				GCC_WARN_UNDECLARED_SELECTOR = YES;
				GCC_WARN_UNINITIALIZED_AUTOS = YES_AGGRESSIVE;
				GCC_WARN_UNUSED_FUNCTION = YES;
				GCC_WARN_UNUSED_VARIABLE = YES;
				IPHONEOS_DEPLOYMENT_TARGET = 18.5;
				LOCALIZATION_PREFERS_STRING_CATALOGS = YES;
				MTL_ENABLE_DEBUG_INFO = INCLUDE_SOURCE;
				MTL_FAST_MATH = YES;
				ONLY_ACTIVE_ARCH = YES;
				SDKROOT = iphoneos;
				SWIFT_ACTIVE_COMPILATION_CONDITIONS = "DEBUG $(inherited)";
				SWIFT_OPTIMIZATION_LEVEL = "-Onone";
			};
			name = Debug;
		};
		84113C852E41EFDE00344A17 /* Release */ = {
			isa = XCBuildConfiguration;
			buildSettings = {
				ALWAYS_SEARCH_USER_PATHS = NO;
				ASSETCATALOG_COMPILER_GENERATE_SWIFT_ASSET_SYMBOL_EXTENSIONS = YES;
				CLANG_ANALYZER_NONNULL = YES;
				CLANG_ANALYZER_NUMBER_OBJECT_CONVERSION = YES_AGGRESSIVE;
				CLANG_CXX_LANGUAGE_STANDARD = "gnu++20";
				CLANG_ENABLE_MODULES = YES;
				CLANG_ENABLE_OBJC_ARC = YES;
				CLANG_ENABLE_OBJC_WEAK = YES;
				CLANG_WARN_BLOCK_CAPTURE_AUTORELEASING = YES;
				CLANG_WARN_BOOL_CONVERSION = YES;
				CLANG_WARN_COMMA = YES;
				CLANG_WARN_CONSTANT_CONVERSION = YES;
				CLANG_WARN_DEPRECATED_OBJC_IMPLEMENTATIONS = YES;
				CLANG_WARN_DIRECT_OBJC_ISA_USAGE = YES_ERROR;
				CLANG_WARN_DOCUMENTATION_COMMENTS = YES;
				CLANG_WARN_EMPTY_BODY = YES;
				CLANG_WARN_ENUM_CONVERSION = YES;
				CLANG_WARN_INFINITE_RECURSION = YES;
				CLANG_WARN_INT_CONVERSION = YES;
				CLANG_WARN_NON_LITERAL_NULL_CONVERSION = YES;
				CLANG_WARN_OBJC_IMPLICIT_RETAIN_SELF = YES;
				CLANG_WARN_OBJC_LITERAL_CONVERSION = YES;
				CLANG_WARN_OBJC_ROOT_CLASS = YES_ERROR;
				CLANG_WARN_QUOTED_INCLUDE_IN_FRAMEWORK_HEADER = YES;
				CLANG_WARN_RANGE_LOOP_ANALYSIS = YES;
				CLANG_WARN_STRICT_PROTOTYPES = YES;
				CLANG_WARN_SUSPICIOUS_MOVE = YES;
				CLANG_WARN_UNGUARDED_AVAILABILITY = YES_AGGRESSIVE;
				CLANG_WARN_UNREACHABLE_CODE = YES;
				CLANG_WARN__DUPLICATE_METHOD_MATCH = YES;
				COPY_PHASE_STRIP = NO;
				DEBUG_INFORMATION_FORMAT = "dwarf-with-dsym";
				DEVELOPMENT_TEAM = 3KW57Z9BV5;
				ENABLE_NS_ASSERTIONS = NO;
				ENABLE_STRICT_OBJC_MSGSEND = YES;
				ENABLE_USER_SCRIPT_SANDBOXING = YES;
				GCC_C_LANGUAGE_STANDARD = gnu17;
				GCC_NO_COMMON_BLOCKS = YES;
				GCC_WARN_64_TO_32_BIT_CONVERSION = YES;
				GCC_WARN_ABOUT_RETURN_TYPE = YES_ERROR;
				GCC_WARN_UNDECLARED_SELECTOR = YES;
				GCC_WARN_UNINITIALIZED_AUTOS = YES_AGGRESSIVE;
				GCC_WARN_UNUSED_FUNCTION = YES;
				GCC_WARN_UNUSED_VARIABLE = YES;
				IPHONEOS_DEPLOYMENT_TARGET = 18.5;
				LOCALIZATION_PREFERS_STRING_CATALOGS = YES;
				MTL_ENABLE_DEBUG_INFO = NO;
				MTL_FAST_MATH = YES;
				SDKROOT = iphoneos;
				SWIFT_COMPILATION_MODE = wholemodule;
				VALIDATE_PRODUCT = YES;
			};
			name = Release;
		};
		84113C872E41EFDE00344A17 /* Debug */ = {
			isa = XCBuildConfiguration;
			buildSettings = {
				BUNDLE_LOADER = "$(TEST_HOST)";
				CODE_SIGN_STYLE = Automatic;
				CURRENT_PROJECT_VERSION = 1;
				DEVELOPMENT_TEAM = 3KW57Z9BV5;
				GENERATE_INFOPLIST_FILE = YES;
				IPHONEOS_DEPLOYMENT_TARGET = 18.5;
				MARKETING_VERSION = 1.0;
				PRODUCT_BUNDLE_IDENTIFIER = com.AlmatarShopping.com.AlmatarShoppingTests;
				PRODUCT_NAME = "$(TARGET_NAME)";
				SWIFT_EMIT_LOC_STRINGS = NO;
				SWIFT_VERSION = 5.0;
				TARGETED_DEVICE_FAMILY = "1,2";
				TEST_HOST = "$(BUILT_PRODUCTS_DIR)/AlmatarShopping.app/$(BUNDLE_EXECUTABLE_FOLDER_PATH)/AlmatarShopping";
			};
			name = Debug;
		};
		84113C882E41EFDE00344A17 /* Release */ = {
			isa = XCBuildConfiguration;
			buildSettings = {
				BUNDLE_LOADER = "$(TEST_HOST)";
				CODE_SIGN_STYLE = Automatic;
				CURRENT_PROJECT_VERSION = 1;
				DEVELOPMENT_TEAM = 3KW57Z9BV5;
				GENERATE_INFOPLIST_FILE = YES;
				IPHONEOS_DEPLOYMENT_TARGET = 18.5;
				MARKETING_VERSION = 1.0;
				PRODUCT_BUNDLE_IDENTIFIER = com.AlmatarShopping.com.AlmatarShoppingTests;
				PRODUCT_NAME = "$(TARGET_NAME)";
				SWIFT_EMIT_LOC_STRINGS = NO;
				SWIFT_VERSION = 5.0;
				TARGETED_DEVICE_FAMILY = "1,2";
				TEST_HOST = "$(BUILT_PRODUCTS_DIR)/AlmatarShopping.app/$(BUNDLE_EXECUTABLE_FOLDER_PATH)/AlmatarShopping";
			};
			name = Release;
		};
		84113C8A2E41EFDE00344A17 /* Debug */ = {
			isa = XCBuildConfiguration;
			buildSettings = {
				CODE_SIGN_STYLE = Automatic;
				CURRENT_PROJECT_VERSION = 1;
				DEVELOPMENT_TEAM = 3KW57Z9BV5;
				GENERATE_INFOPLIST_FILE = YES;
				MARKETING_VERSION = 1.0;
				PRODUCT_BUNDLE_IDENTIFIER = com.AlmatarShopping.com.AlmatarShoppingUITests;
				PRODUCT_NAME = "$(TARGET_NAME)";
				SWIFT_EMIT_LOC_STRINGS = NO;
				SWIFT_VERSION = 5.0;
				TARGETED_DEVICE_FAMILY = "1,2";
				TEST_TARGET_NAME = AlmatarShopping;
			};
			name = Debug;
		};
		84113C8B2E41EFDE00344A17 /* Release */ = {
			isa = XCBuildConfiguration;
			buildSettings = {
				CODE_SIGN_STYLE = Automatic;
				CURRENT_PROJECT_VERSION = 1;
				DEVELOPMENT_TEAM = 3KW57Z9BV5;
				GENERATE_INFOPLIST_FILE = YES;
				MARKETING_VERSION = 1.0;
				PRODUCT_BUNDLE_IDENTIFIER = com.AlmatarShopping.com.AlmatarShoppingUITests;
				PRODUCT_NAME = "$(TARGET_NAME)";
				SWIFT_EMIT_LOC_STRINGS = NO;
				SWIFT_VERSION = 5.0;
				TARGETED_DEVICE_FAMILY = "1,2";
				TEST_TARGET_NAME = AlmatarShopping;
			};
			name = Release;
		};
/* End XCBuildConfiguration section */

/* Begin XCConfigurationList section */
		84113C532E41EFDD00344A17 /* Build configuration list for PBXProject "AlmatarShopping" */ = {
			isa = XCConfigurationList;
			buildConfigurations = (
				84113C842E41EFDE00344A17 /* Debug */,
				84113C852E41EFDE00344A17 /* Release */,
			);
			defaultConfigurationIsVisible = 0;
			defaultConfigurationName = Release;
		};
		84113C812E41EFDE00344A17 /* Build configuration list for PBXNativeTarget "AlmatarShopping" */ = {
			isa = XCConfigurationList;
			buildConfigurations = (
				84113C822E41EFDE00344A17 /* Debug */,
				84113C832E41EFDE00344A17 /* Release */,
			);
			defaultConfigurationIsVisible = 0;
			defaultConfigurationName = Release;
		};
		84113C862E41EFDE00344A17 /* Build configuration list for PBXNativeTarget "AlmatarShoppingTests" */ = {
			isa = XCConfigurationList;
			buildConfigurations = (
				84113C872E41EFDE00344A17 /* Debug */,
				84113C882E41EFDE00344A17 /* Release */,
			);
			defaultConfigurationIsVisible = 0;
			defaultConfigurationName = Release;
		};
		84113C892E41EFDE00344A17 /* Build configuration list for PBXNativeTarget "AlmatarShoppingUITests" */ = {
			isa = XCConfigurationList;
			buildConfigurations = (
				84113C8A2E41EFDE00344A17 /* Debug */,
				84113C8B2E41EFDE00344A17 /* Release */,
			);
			defaultConfigurationIsVisible = 0;
			defaultConfigurationName = Release;
		};
/* End XCConfigurationList section */
	};
	rootObject = 84113C502E41EFDD00344A17 /* Project object */;
}
